
Microsoft Visual Studio Solution File, Format Version 12.00
# Visual Studio Version 16
VisualStudioVersion = 16.0.32126.315
MinimumVisualStudioVersion = 10.0.40219.1
Project("{FAE04EC0-301F-11D3-BF4B-00C04F79EFBC}") = "cSharpBasics", "cSharpBasics.csproj", "{27BF946A-411C-45DC-A616-3B539E102B22}"
EndProject
Global
	GlobalSection(SolutionConfigurationPlatforms) = preSolution
		Debug|Any CPU = Debug|Any CPU
		Release|Any CPU = Release|Any CPU
	EndGlobalSection
	GlobalSection(ProjectConfigurationPlatforms) = postSolution
		{27BF946A-411C-45DC-A616-3B539E102B22}.Debug|Any CPU.ActiveCfg = Debug|Any CPU
		{27BF946A-411C-45DC-A616-3B539E102B22}.Debug|Any CPU.Build.0 = Debug|Any CPU
		{27BF946A-411C-45DC-A616-3B539E102B22}.Release|Any CPU.ActiveCfg = Release|Any CPU
		{27BF946A-411C-45DC-A616-3B539E102B22}.Release|Any CPU.Build.0 = Release|Any CPU
	EndGlobalSection
	GlobalSection(SolutionProperties) = preSolution
		HideSolutionNode = FALSE
	EndGlobalSection
	GlobalSection(ExtensibilityGlobals) = postSolution
		SolutionGuid = {421D0293-DB04-4353-9E46-65B7CF8C51EF}
	EndGlobalSection
EndGlobal
